// !$*UTF8*$!
{
	archiveVersion = 1;
	classes = {
	};
	objectVersion = 48;
	objects = {

/* Begin PBXBuildFile section */
		5EFB85831FE76A65003C825B /* AppDelegate.m in Sources */ = {isa = PBXBuildFile; fileRef = 5EFB85821FE76A65003C825B /* AppDelegate.m */; };
		5EFB858B1FE76A65003C825B /* Assets.xcassets in Resources */ = {isa = PBXBuildFile; fileRef = 5EFB858A1FE76A65003C825B /* Assets.xcassets */; };
		B519A2251FECE20F00677A7B /* FFMineViewController.m in Sources */ = {isa = PBXBuildFile; fileRef = B519A2241FECE20F00677A7B /* FFMineViewController.m */; };
		B519A22A1FECE2E600677A7B /* FFBaseViewController.m in Sources */ = {isa = PBXBuildFile; fileRef = B519A2291FECE2E600677A7B /* FFBaseViewController.m */; };
		B519A3221FECE4D300677A7B /* LaunchScreen.storyboard in Resources */ = {isa = PBXBuildFile; fileRef = B519A2BA1FECE4D300677A7B /* LaunchScreen.storyboard */; };
		B519A3231FECE4D300677A7B /* main.m in Sources */ = {isa = PBXBuildFile; fileRef = B519A2BE1FECE4D300677A7B /* main.m */; };
		B519A3241FECE4D300677A7B /* AFHTTPSessionManager.m in Sources */ = {isa = PBXBuildFile; fileRef = B519A2C21FECE4D300677A7B /* AFHTTPSessionManager.m */; };
		B519A3251FECE4D300677A7B /* AFSecurityPolicy.m in Sources */ = {isa = PBXBuildFile; fileRef = B519A2C41FECE4D300677A7B /* AFSecurityPolicy.m */; };
		B519A3261FECE4D300677A7B /* AFURLRequestSerialization.m in Sources */ = {isa = PBXBuildFile; fileRef = B519A2C61FECE4D300677A7B /* AFURLRequestSerialization.m */; };
		B519A3271FECE4D300677A7B /* AFURLResponseSerialization.m in Sources */ = {isa = PBXBuildFile; fileRef = B519A2C81FECE4D300677A7B /* AFURLResponseSerialization.m */; };
		B519A3281FECE4D300677A7B /* AFURLSessionManager.m in Sources */ = {isa = PBXBuildFile; fileRef = B519A2CA1FECE4D300677A7B /* AFURLSessionManager.m */; };
		B519A3291FECE4D300677A7B /* AVOSCloud.framework in Frameworks */ = {isa = PBXBuildFile; fileRef = B519A2CC1FECE4D300677A7B /* AVOSCloud.framework */; };
		B519A32A1FECE4D300677A7B /* MJRefreshAutoFooter.m in Sources */ = {isa = PBXBuildFile; fileRef = B519A2D01FECE4D300677A7B /* MJRefreshAutoFooter.m */; };
		B519A32B1FECE4D300677A7B /* MJRefreshBackFooter.m in Sources */ = {isa = PBXBuildFile; fileRef = B519A2D21FECE4D300677A7B /* MJRefreshBackFooter.m */; };
		B519A32C1FECE4D300677A7B /* MJRefreshComponent.m in Sources */ = {isa = PBXBuildFile; fileRef = B519A2D41FECE4D300677A7B /* MJRefreshComponent.m */; };
		B519A32D1FECE4D300677A7B /* MJRefreshFooter.m in Sources */ = {isa = PBXBuildFile; fileRef = B519A2D61FECE4D300677A7B /* MJRefreshFooter.m */; };
		B519A32E1FECE4D300677A7B /* MJRefreshHeader.m in Sources */ = {isa = PBXBuildFile; fileRef = B519A2D81FECE4D300677A7B /* MJRefreshHeader.m */; };
		B519A32F1FECE4D300677A7B /* MJRefreshAutoGifFooter.m in Sources */ = {isa = PBXBuildFile; fileRef = B519A2DD1FECE4D300677A7B /* MJRefreshAutoGifFooter.m */; };
		B519A3301FECE4D300677A7B /* MJRefreshAutoNormalFooter.m in Sources */ = {isa = PBXBuildFile; fileRef = B519A2DF1FECE4D300677A7B /* MJRefreshAutoNormalFooter.m */; };
		B519A3311FECE4D300677A7B /* MJRefreshAutoStateFooter.m in Sources */ = {isa = PBXBuildFile; fileRef = B519A2E11FECE4D300677A7B /* MJRefreshAutoStateFooter.m */; };
		B519A3321FECE4D300677A7B /* MJRefreshBackGifFooter.m in Sources */ = {isa = PBXBuildFile; fileRef = B519A2E41FECE4D300677A7B /* MJRefreshBackGifFooter.m */; };
		B519A3331FECE4D300677A7B /* MJRefreshBackNormalFooter.m in Sources */ = {isa = PBXBuildFile; fileRef = B519A2E61FECE4D300677A7B /* MJRefreshBackNormalFooter.m */; };
		B519A3341FECE4D300677A7B /* MJRefreshBackStateFooter.m in Sources */ = {isa = PBXBuildFile; fileRef = B519A2E81FECE4D300677A7B /* MJRefreshBackStateFooter.m */; };
		B519A3351FECE4D300677A7B /* MJRefreshGifHeader.m in Sources */ = {isa = PBXBuildFile; fileRef = B519A2EB1FECE4D300677A7B /* MJRefreshGifHeader.m */; };
		B519A3361FECE4D300677A7B /* MJRefreshNormalHeader.m in Sources */ = {isa = PBXBuildFile; fileRef = B519A2ED1FECE4D300677A7B /* MJRefreshNormalHeader.m */; };
		B519A3371FECE4D300677A7B /* MJRefreshStateHeader.m in Sources */ = {isa = PBXBuildFile; fileRef = B519A2EF1FECE4D300677A7B /* MJRefreshStateHeader.m */; };
		B519A3381FECE4D300677A7B /* MJRefresh.bundle in Resources */ = {isa = PBXBuildFile; fileRef = B519A2F01FECE4D300677A7B /* MJRefresh.bundle */; };
		B519A3391FECE4D300677A7B /* MJRefreshConst.m in Sources */ = {isa = PBXBuildFile; fileRef = B519A2F31FECE4D300677A7B /* MJRefreshConst.m */; };
		B519A33A1FECE4D300677A7B /* NSBundle+MJRefresh.m in Sources */ = {isa = PBXBuildFile; fileRef = B519A2F51FECE4D300677A7B /* NSBundle+MJRefresh.m */; };
		B519A33B1FECE4D300677A7B /* UIScrollView+MJExtension.m in Sources */ = {isa = PBXBuildFile; fileRef = B519A2F71FECE4D300677A7B /* UIScrollView+MJExtension.m */; };
		B519A33C1FECE4D300677A7B /* UIScrollView+MJRefresh.m in Sources */ = {isa = PBXBuildFile; fileRef = B519A2F91FECE4D300677A7B /* UIScrollView+MJRefresh.m */; };
		B519A33D1FECE4D300677A7B /* UIView+MJExtension.m in Sources */ = {isa = PBXBuildFile; fileRef = B519A2FB1FECE4D300677A7B /* UIView+MJExtension.m */; };
		B519A33E1FECE4D300677A7B /* NSData+ImageContentType.m in Sources */ = {isa = PBXBuildFile; fileRef = B519A2FE1FECE4D300677A7B /* NSData+ImageContentType.m */; };
		B519A33F1FECE4D300677A7B /* NSImage+WebCache.m in Sources */ = {isa = PBXBuildFile; fileRef = B519A3001FECE4D300677A7B /* NSImage+WebCache.m */; };
		B519A3401FECE4D300677A7B /* SDImageCache.m in Sources */ = {isa = PBXBuildFile; fileRef = B519A3021FECE4D300677A7B /* SDImageCache.m */; };
		B519A3411FECE4D300677A7B /* SDImageCacheConfig.m in Sources */ = {isa = PBXBuildFile; fileRef = B519A3041FECE4D300677A7B /* SDImageCacheConfig.m */; };
		B519A3421FECE4D300677A7B /* SDWebImageCompat.m in Sources */ = {isa = PBXBuildFile; fileRef = B519A3061FECE4D300677A7B /* SDWebImageCompat.m */; };
		B519A3431FECE4D300677A7B /* SDWebImageDecoder.m in Sources */ = {isa = PBXBuildFile; fileRef = B519A3081FECE4D300677A7B /* SDWebImageDecoder.m */; };
		B519A3441FECE4D300677A7B /* SDWebImageDownloader.m in Sources */ = {isa = PBXBuildFile; fileRef = B519A30A1FECE4D300677A7B /* SDWebImageDownloader.m */; };
		B519A3451FECE4D300677A7B /* SDWebImageDownloaderOperation.m in Sources */ = {isa = PBXBuildFile; fileRef = B519A30C1FECE4D300677A7B /* SDWebImageDownloaderOperation.m */; };
		B519A3461FECE4D300677A7B /* SDWebImageManager.m in Sources */ = {isa = PBXBuildFile; fileRef = B519A30E1FECE4D300677A7B /* SDWebImageManager.m */; };
		B519A3471FECE4D300677A7B /* SDWebImagePrefetcher.m in Sources */ = {isa = PBXBuildFile; fileRef = B519A3111FECE4D300677A7B /* SDWebImagePrefetcher.m */; };
		B519A3481FECE4D300677A7B /* UIButton+WebCache.m in Sources */ = {isa = PBXBuildFile; fileRef = B519A3131FECE4D300677A7B /* UIButton+WebCache.m */; };
		B519A3491FECE4D300677A7B /* UIImage+GIF.m in Sources */ = {isa = PBXBuildFile; fileRef = B519A3151FECE4D300677A7B /* UIImage+GIF.m */; };
		B519A34A1FECE4D300677A7B /* UIImage+MultiFormat.m in Sources */ = {isa = PBXBuildFile; fileRef = B519A3171FECE4D300677A7B /* UIImage+MultiFormat.m */; };
		B519A34B1FECE4D300677A7B /* UIImageView+HighlightedWebCache.m in Sources */ = {isa = PBXBuildFile; fileRef = B519A3191FECE4D300677A7B /* UIImageView+HighlightedWebCache.m */; };
		B519A34C1FECE4D300677A7B /* UIImageView+WebCache.m in Sources */ = {isa = PBXBuildFile; fileRef = B519A31B1FECE4D300677A7B /* UIImageView+WebCache.m */; };
		B519A34D1FECE4D300677A7B /* UIView+WebCache.m in Sources */ = {isa = PBXBuildFile; fileRef = B519A31D1FECE4D300677A7B /* UIView+WebCache.m */; };
		B519A34E1FECE4D300677A7B /* UIView+WebCacheOperation.m in Sources */ = {isa = PBXBuildFile; fileRef = B519A31F1FECE4D300677A7B /* UIView+WebCacheOperation.m */; };
		B519A34F1FECE4D300677A7B /* SYKeychain.m in Sources */ = {isa = PBXBuildFile; fileRef = B519A3211FECE4D300677A7B /* SYKeychain.m */; };
		B5A904131FE791AF0019C22E /* FFTabbarController.m in Sources */ = {isa = PBXBuildFile; fileRef = B5A904121FE791AF0019C22E /* FFTabbarController.m */; };
		B5A904271FE792980019C22E /* FFHomeViewController.m in Sources */ = {isa = PBXBuildFile; fileRef = B5A904261FE792980019C22E /* FFHomeViewController.m */; };
/* End PBXBuildFile section */

/* Begin PBXFileReference section */
		5EFB857E1FE76A65003C825B /* FFListenToFish.app */ = {isa = PBXFileReference; explicitFileType = wrapper.application; includeInIndex = 0; path = FFListenToFish.app; sourceTree = BUILT_PRODUCTS_DIR; };
		5EFB85811FE76A65003C825B /* AppDelegate.h */ = {isa = PBXFileReference; lastKnownFileType = sourcecode.c.h; path = AppDelegate.h; sourceTree = "<group>"; };
		5EFB85821FE76A65003C825B /* AppDelegate.m */ = {isa = PBXFileReference; lastKnownFileType = sourcecode.c.objc; path = AppDelegate.m; sourceTree = "<group>"; };
		5EFB858A1FE76A65003C825B /* Assets.xcassets */ = {isa = PBXFileReference; lastKnownFileType = folder.assetcatalog; path = Assets.xcassets; sourceTree = "<group>"; };
		5EFB858F1FE76A65003C825B /* Info.plist */ = {isa = PBXFileReference; lastKnownFileType = text.plist.xml; path = Info.plist; sourceTree = "<group>"; };
		B519A2231FECE20F00677A7B /* FFMineViewController.h */ = {isa = PBXFileReference; lastKnownFileType = sourcecode.c.h; path = FFMineViewController.h; sourceTree = "<group>"; };
		B519A2241FECE20F00677A7B /* FFMineViewController.m */ = {isa = PBXFileReference; lastKnownFileType = sourcecode.c.objc; path = FFMineViewController.m; sourceTree = "<group>"; };
		B519A2281FECE2E600677A7B /* FFBaseViewController.h */ = {isa = PBXFileReference; lastKnownFileType = sourcecode.c.h; path = FFBaseViewController.h; sourceTree = "<group>"; };
		B519A2291FECE2E600677A7B /* FFBaseViewController.m */ = {isa = PBXFileReference; lastKnownFileType = sourcecode.c.objc; path = FFBaseViewController.m; sourceTree = "<group>"; };
		B519A2BB1FECE4D300677A7B /* Base */ = {isa = PBXFileReference; lastKnownFileType = file.storyboard; name = Base; path = Base.lproj/LaunchScreen.storyboard; sourceTree = "<group>"; };
		B519A2BC1FECE4D300677A7B /* FFBaseHeader.h */ = {isa = PBXFileReference; fileEncoding = 4; lastKnownFileType = sourcecode.c.h; path = FFBaseHeader.h; sourceTree = "<group>"; };
		B519A2BD1FECE4D300677A7B /* FFBasePch.pch */ = {isa = PBXFileReference; fileEncoding = 4; lastKnownFileType = sourcecode.c.h; path = FFBasePch.pch; sourceTree = "<group>"; };
		B519A2BE1FECE4D300677A7B /* main.m */ = {isa = PBXFileReference; fileEncoding = 4; lastKnownFileType = sourcecode.c.objc; path = main.m; sourceTree = "<group>"; };
		B519A2C11FECE4D300677A7B /* AFHTTPSessionManager.h */ = {isa = PBXFileReference; fileEncoding = 4; lastKnownFileType = sourcecode.c.h; path = AFHTTPSessionManager.h; sourceTree = "<group>"; };
		B519A2C21FECE4D300677A7B /* AFHTTPSessionManager.m */ = {isa = PBXFileReference; fileEncoding = 4; lastKnownFileType = sourcecode.c.objc; path = AFHTTPSessionManager.m; sourceTree = "<group>"; };
		B519A2C31FECE4D300677A7B /* AFSecurityPolicy.h */ = {isa = PBXFileReference; fileEncoding = 4; lastKnownFileType = sourcecode.c.h; path = AFSecurityPolicy.h; sourceTree = "<group>"; };
		B519A2C41FECE4D300677A7B /* AFSecurityPolicy.m */ = {isa = PBXFileReference; fileEncoding = 4; lastKnownFileType = sourcecode.c.objc; path = AFSecurityPolicy.m; sourceTree = "<group>"; };
		B519A2C51FECE4D300677A7B /* AFURLRequestSerialization.h */ = {isa = PBXFileReference; fileEncoding = 4; lastKnownFileType = sourcecode.c.h; path = AFURLRequestSerialization.h; sourceTree = "<group>"; };
		B519A2C61FECE4D300677A7B /* AFURLRequestSerialization.m */ = {isa = PBXFileReference; fileEncoding = 4; lastKnownFileType = sourcecode.c.objc; path = AFURLRequestSerialization.m; sourceTree = "<group>"; };
		B519A2C71FECE4D300677A7B /* AFURLResponseSerialization.h */ = {isa = PBXFileReference; fileEncoding = 4; lastKnownFileType = sourcecode.c.h; path = AFURLResponseSerialization.h; sourceTree = "<group>"; };
		B519A2C81FECE4D300677A7B /* AFURLResponseSerialization.m */ = {isa = PBXFileReference; fileEncoding = 4; lastKnownFileType = sourcecode.c.objc; path = AFURLResponseSerialization.m; sourceTree = "<group>"; };
		B519A2C91FECE4D300677A7B /* AFURLSessionManager.h */ = {isa = PBXFileReference; fileEncoding = 4; lastKnownFileType = sourcecode.c.h; path = AFURLSessionManager.h; sourceTree = "<group>"; };
		B519A2CA1FECE4D300677A7B /* AFURLSessionManager.m */ = {isa = PBXFileReference; fileEncoding = 4; lastKnownFileType = sourcecode.c.objc; path = AFURLSessionManager.m; sourceTree = "<group>"; };
		B519A2CC1FECE4D300677A7B /* AVOSCloud.framework */ = {isa = PBXFileReference; lastKnownFileType = wrapper.framework; path = AVOSCloud.framework; sourceTree = "<group>"; };
		B519A2CF1FECE4D300677A7B /* MJRefreshAutoFooter.h */ = {isa = PBXFileReference; fileEncoding = 4; lastKnownFileType = sourcecode.c.h; path = MJRefreshAutoFooter.h; sourceTree = "<group>"; };
		B519A2D01FECE4D300677A7B /* MJRefreshAutoFooter.m */ = {isa = PBXFileReference; fileEncoding = 4; lastKnownFileType = sourcecode.c.objc; path = MJRefreshAutoFooter.m; sourceTree = "<group>"; };
		B519A2D11FECE4D300677A7B /* MJRefreshBackFooter.h */ = {isa = PBXFileReference; fileEncoding = 4; lastKnownFileType = sourcecode.c.h; path = MJRefreshBackFooter.h; sourceTree = "<group>"; };
		B519A2D21FECE4D300677A7B /* MJRefreshBackFooter.m */ = {isa = PBXFileReference; fileEncoding = 4; lastKnownFileType = sourcecode.c.objc; path = MJRefreshBackFooter.m; sourceTree = "<group>"; };
		B519A2D31FECE4D300677A7B /* MJRefreshComponent.h */ = {isa = PBXFileReference; fileEncoding = 4; lastKnownFileType = sourcecode.c.h; path = MJRefreshComponent.h; sourceTree = "<group>"; };
		B519A2D41FECE4D300677A7B /* MJRefreshComponent.m */ = {isa = PBXFileReference; fileEncoding = 4; lastKnownFileType = sourcecode.c.objc; path = MJRefreshComponent.m; sourceTree = "<group>"; };
		B519A2D51FECE4D300677A7B /* MJRefreshFooter.h */ = {isa = PBXFileReference; fileEncoding = 4; lastKnownFileType = sourcecode.c.h; path = MJRefreshFooter.h; sourceTree = "<group>"; };
		B519A2D61FECE4D300677A7B /* MJRefreshFooter.m */ = {isa = PBXFileReference; fileEncoding = 4; lastKnownFileType = sourcecode.c.objc; path = MJRefreshFooter.m; sourceTree = "<group>"; };
		B519A2D71FECE4D300677A7B /* MJRefreshHeader.h */ = {isa = PBXFileReference; fileEncoding = 4; lastKnownFileType = sourcecode.c.h; path = MJRefreshHeader.h; sourceTree = "<group>"; };
		B519A2D81FECE4D300677A7B /* MJRefreshHeader.m */ = {isa = PBXFileReference; fileEncoding = 4; lastKnownFileType = sourcecode.c.objc; path = MJRefreshHeader.m; sourceTree = "<group>"; };
		B519A2DC1FECE4D300677A7B /* MJRefreshAutoGifFooter.h */ = {isa = PBXFileReference; fileEncoding = 4; lastKnownFileType = sourcecode.c.h; path = MJRefreshAutoGifFooter.h; sourceTree = "<group>"; };
		B519A2DD1FECE4D300677A7B /* MJRefreshAutoGifFooter.m */ = {isa = PBXFileReference; fileEncoding = 4; lastKnownFileType = sourcecode.c.objc; path = MJRefreshAutoGifFooter.m; sourceTree = "<group>"; };
		B519A2DE1FECE4D300677A7B /* MJRefreshAutoNormalFooter.h */ = {isa = PBXFileReference; fileEncoding = 4; lastKnownFileType = sourcecode.c.h; path = MJRefreshAutoNormalFooter.h; sourceTree = "<group>"; };
		B519A2DF1FECE4D300677A7B /* MJRefreshAutoNormalFooter.m */ = {isa = PBXFileReference; fileEncoding = 4; lastKnownFileType = sourcecode.c.objc; path = MJRefreshAutoNormalFooter.m; sourceTree = "<group>"; };
		B519A2E01FECE4D300677A7B /* MJRefreshAutoStateFooter.h */ = {isa = PBXFileReference; fileEncoding = 4; lastKnownFileType = sourcecode.c.h; path = MJRefreshAutoStateFooter.h; sourceTree = "<group>"; };
		B519A2E11FECE4D300677A7B /* MJRefreshAutoStateFooter.m */ = {isa = PBXFileReference; fileEncoding = 4; lastKnownFileType = sourcecode.c.objc; path = MJRefreshAutoStateFooter.m; sourceTree = "<group>"; };
		B519A2E31FECE4D300677A7B /* MJRefreshBackGifFooter.h */ = {isa = PBXFileReference; fileEncoding = 4; lastKnownFileType = sourcecode.c.h; path = MJRefreshBackGifFooter.h; sourceTree = "<group>"; };
		B519A2E41FECE4D300677A7B /* MJRefreshBackGifFooter.m */ = {isa = PBXFileReference; fileEncoding = 4; lastKnownFileType = sourcecode.c.objc; path = MJRefreshBackGifFooter.m; sourceTree = "<group>"; };
		B519A2E51FECE4D300677A7B /* MJRefreshBackNormalFooter.h */ = {isa = PBXFileReference; fileEncoding = 4; lastKnownFileType = sourcecode.c.h; path = MJRefreshBackNormalFooter.h; sourceTree = "<group>"; };
		B519A2E61FECE4D300677A7B /* MJRefreshBackNormalFooter.m */ = {isa = PBXFileReference; fileEncoding = 4; lastKnownFileType = sourcecode.c.objc; path = MJRefreshBackNormalFooter.m; sourceTree = "<group>"; };
		B519A2E71FECE4D300677A7B /* MJRefreshBackStateFooter.h */ = {isa = PBXFileReference; fileEncoding = 4; lastKnownFileType = sourcecode.c.h; path = MJRefreshBackStateFooter.h; sourceTree = "<group>"; };
		B519A2E81FECE4D300677A7B /* MJRefreshBackStateFooter.m */ = {isa = PBXFileReference; fileEncoding = 4; lastKnownFileType = sourcecode.c.objc; path = MJRefreshBackStateFooter.m; sourceTree = "<group>"; };
		B519A2EA1FECE4D300677A7B /* MJRefreshGifHeader.h */ = {isa = PBXFileReference; fileEncoding = 4; lastKnownFileType = sourcecode.c.h; path = MJRefreshGifHeader.h; sourceTree = "<group>"; };
		B519A2EB1FECE4D300677A7B /* MJRefreshGifHeader.m */ = {isa = PBXFileReference; fileEncoding = 4; lastKnownFileType = sourcecode.c.objc; path = MJRefreshGifHeader.m; sourceTree = "<group>"; };
		B519A2EC1FECE4D300677A7B /* MJRefreshNormalHeader.h */ = {isa = PBXFileReference; fileEncoding = 4; lastKnownFileType = sourcecode.c.h; path = MJRefreshNormalHeader.h; sourceTree = "<group>"; };
		B519A2ED1FECE4D300677A7B /* MJRefreshNormalHeader.m */ = {isa = PBXFileReference; fileEncoding = 4; lastKnownFileType = sourcecode.c.objc; path = MJRefreshNormalHeader.m; sourceTree = "<group>"; };
		B519A2EE1FECE4D300677A7B /* MJRefreshStateHeader.h */ = {isa = PBXFileReference; fileEncoding = 4; lastKnownFileType = sourcecode.c.h; path = MJRefreshStateHeader.h; sourceTree = "<group>"; };
		B519A2EF1FECE4D300677A7B /* MJRefreshStateHeader.m */ = {isa = PBXFileReference; fileEncoding = 4; lastKnownFileType = sourcecode.c.objc; path = MJRefreshStateHeader.m; sourceTree = "<group>"; };
		B519A2F01FECE4D300677A7B /* MJRefresh.bundle */ = {isa = PBXFileReference; lastKnownFileType = "wrapper.plug-in"; path = MJRefresh.bundle; sourceTree = "<group>"; };
		B519A2F11FECE4D300677A7B /* MJRefresh.h */ = {isa = PBXFileReference; fileEncoding = 4; lastKnownFileType = sourcecode.c.h; path = MJRefresh.h; sourceTree = "<group>"; };
		B519A2F21FECE4D300677A7B /* MJRefreshConst.h */ = {isa = PBXFileReference; fileEncoding = 4; lastKnownFileType = sourcecode.c.h; path = MJRefreshConst.h; sourceTree = "<group>"; };
		B519A2F31FECE4D300677A7B /* MJRefreshConst.m */ = {isa = PBXFileReference; fileEncoding = 4; lastKnownFileType = sourcecode.c.objc; path = MJRefreshConst.m; sourceTree = "<group>"; };
		B519A2F41FECE4D300677A7B /* NSBundle+MJRefresh.h */ = {isa = PBXFileReference; fileEncoding = 4; lastKnownFileType = sourcecode.c.h; path = "NSBundle+MJRefresh.h"; sourceTree = "<group>"; };
		B519A2F51FECE4D300677A7B /* NSBundle+MJRefresh.m */ = {isa = PBXFileReference; fileEncoding = 4; lastKnownFileType = sourcecode.c.objc; path = "NSBundle+MJRefresh.m"; sourceTree = "<group>"; };
		B519A2F61FECE4D300677A7B /* UIScrollView+MJExtension.h */ = {isa = PBXFileReference; fileEncoding = 4; lastKnownFileType = sourcecode.c.h; path = "UIScrollView+MJExtension.h"; sourceTree = "<group>"; };
		B519A2F71FECE4D300677A7B /* UIScrollView+MJExtension.m */ = {isa = PBXFileReference; fileEncoding = 4; lastKnownFileType = sourcecode.c.objc; path = "UIScrollView+MJExtension.m"; sourceTree = "<group>"; };
		B519A2F81FECE4D300677A7B /* UIScrollView+MJRefresh.h */ = {isa = PBXFileReference; fileEncoding = 4; lastKnownFileType = sourcecode.c.h; path = "UIScrollView+MJRefresh.h"; sourceTree = "<group>"; };
		B519A2F91FECE4D300677A7B /* UIScrollView+MJRefresh.m */ = {isa = PBXFileReference; fileEncoding = 4; lastKnownFileType = sourcecode.c.objc; path = "UIScrollView+MJRefresh.m"; sourceTree = "<group>"; };
		B519A2FA1FECE4D300677A7B /* UIView+MJExtension.h */ = {isa = PBXFileReference; fileEncoding = 4; lastKnownFileType = sourcecode.c.h; path = "UIView+MJExtension.h"; sourceTree = "<group>"; };
		B519A2FB1FECE4D300677A7B /* UIView+MJExtension.m */ = {isa = PBXFileReference; fileEncoding = 4; lastKnownFileType = sourcecode.c.objc; path = "UIView+MJExtension.m"; sourceTree = "<group>"; };
		B519A2FD1FECE4D300677A7B /* NSData+ImageContentType.h */ = {isa = PBXFileReference; fileEncoding = 4; lastKnownFileType = sourcecode.c.h; path = "NSData+ImageContentType.h"; sourceTree = "<group>"; };
		B519A2FE1FECE4D300677A7B /* NSData+ImageContentType.m */ = {isa = PBXFileReference; fileEncoding = 4; lastKnownFileType = sourcecode.c.objc; path = "NSData+ImageContentType.m"; sourceTree = "<group>"; };
		B519A2FF1FECE4D300677A7B /* NSImage+WebCache.h */ = {isa = PBXFileReference; fileEncoding = 4; lastKnownFileType = sourcecode.c.h; path = "NSImage+WebCache.h"; sourceTree = "<group>"; };
		B519A3001FECE4D300677A7B /* NSImage+WebCache.m */ = {isa = PBXFileReference; fileEncoding = 4; lastKnownFileType = sourcecode.c.objc; path = "NSImage+WebCache.m"; sourceTree = "<group>"; };
		B519A3011FECE4D300677A7B /* SDImageCache.h */ = {isa = PBXFileReference; fileEncoding = 4; lastKnownFileType = sourcecode.c.h; path = SDImageCache.h; sourceTree = "<group>"; };
		B519A3021FECE4D300677A7B /* SDImageCache.m */ = {isa = PBXFileReference; fileEncoding = 4; lastKnownFileType = sourcecode.c.objc; path = SDImageCache.m; sourceTree = "<group>"; };
		B519A3031FECE4D300677A7B /* SDImageCacheConfig.h */ = {isa = PBXFileReference; fileEncoding = 4; lastKnownFileType = sourcecode.c.h; path = SDImageCacheConfig.h; sourceTree = "<group>"; };
		B519A3041FECE4D300677A7B /* SDImageCacheConfig.m */ = {isa = PBXFileReference; fileEncoding = 4; lastKnownFileType = sourcecode.c.objc; path = SDImageCacheConfig.m; sourceTree = "<group>"; };
		B519A3051FECE4D300677A7B /* SDWebImageCompat.h */ = {isa = PBXFileReference; fileEncoding = 4; lastKnownFileType = sourcecode.c.h; path = SDWebImageCompat.h; sourceTree = "<group>"; };
		B519A3061FECE4D300677A7B /* SDWebImageCompat.m */ = {isa = PBXFileReference; fileEncoding = 4; lastKnownFileType = sourcecode.c.objc; path = SDWebImageCompat.m; sourceTree = "<group>"; };
		B519A3071FECE4D300677A7B /* SDWebImageDecoder.h */ = {isa = PBXFileReference; fileEncoding = 4; lastKnownFileType = sourcecode.c.h; path = SDWebImageDecoder.h; sourceTree = "<group>"; };
		B519A3081FECE4D300677A7B /* SDWebImageDecoder.m */ = {isa = PBXFileReference; fileEncoding = 4; lastKnownFileType = sourcecode.c.objc; path = SDWebImageDecoder.m; sourceTree = "<group>"; };
		B519A3091FECE4D300677A7B /* SDWebImageDownloader.h */ = {isa = PBXFileReference; fileEncoding = 4; lastKnownFileType = sourcecode.c.h; path = SDWebImageDownloader.h; sourceTree = "<group>"; };
		B519A30A1FECE4D300677A7B /* SDWebImageDownloader.m */ = {isa = PBXFileReference; fileEncoding = 4; lastKnownFileType = sourcecode.c.objc; path = SDWebImageDownloader.m; sourceTree = "<group>"; };
		B519A30B1FECE4D300677A7B /* SDWebImageDownloaderOperation.h */ = {isa = PBXFileReference; fileEncoding = 4; lastKnownFileType = sourcecode.c.h; path = SDWebImageDownloaderOperation.h; sourceTree = "<group>"; };
		B519A30C1FECE4D300677A7B /* SDWebImageDownloaderOperation.m */ = {isa = PBXFileReference; fileEncoding = 4; lastKnownFileType = sourcecode.c.objc; path = SDWebImageDownloaderOperation.m; sourceTree = "<group>"; };
		B519A30D1FECE4D300677A7B /* SDWebImageManager.h */ = {isa = PBXFileReference; fileEncoding = 4; lastKnownFileType = sourcecode.c.h; path = SDWebImageManager.h; sourceTree = "<group>"; };
		B519A30E1FECE4D300677A7B /* SDWebImageManager.m */ = {isa = PBXFileReference; fileEncoding = 4; lastKnownFileType = sourcecode.c.objc; path = SDWebImageManager.m; sourceTree = "<group>"; };
		B519A30F1FECE4D300677A7B /* SDWebImageOperation.h */ = {isa = PBXFileReference; fileEncoding = 4; lastKnownFileType = sourcecode.c.h; path = SDWebImageOperation.h; sourceTree = "<group>"; };
		B519A3101FECE4D300677A7B /* SDWebImagePrefetcher.h */ = {isa = PBXFileReference; fileEncoding = 4; lastKnownFileType = sourcecode.c.h; path = SDWebImagePrefetcher.h; sourceTree = "<group>"; };
		B519A3111FECE4D300677A7B /* SDWebImagePrefetcher.m */ = {isa = PBXFileReference; fileEncoding = 4; lastKnownFileType = sourcecode.c.objc; path = SDWebImagePrefetcher.m; sourceTree = "<group>"; };
		B519A3121FECE4D300677A7B /* UIButton+WebCache.h */ = {isa = PBXFileReference; fileEncoding = 4; lastKnownFileType = sourcecode.c.h; path = "UIButton+WebCache.h"; sourceTree = "<group>"; };
		B519A3131FECE4D300677A7B /* UIButton+WebCache.m */ = {isa = PBXFileReference; fileEncoding = 4; lastKnownFileType = sourcecode.c.objc; path = "UIButton+WebCache.m"; sourceTree = "<group>"; };
		B519A3141FECE4D300677A7B /* UIImage+GIF.h */ = {isa = PBXFileReference; fileEncoding = 4; lastKnownFileType = sourcecode.c.h; path = "UIImage+GIF.h"; sourceTree = "<group>"; };
		B519A3151FECE4D300677A7B /* UIImage+GIF.m */ = {isa = PBXFileReference; fileEncoding = 4; lastKnownFileType = sourcecode.c.objc; path = "UIImage+GIF.m"; sourceTree = "<group>"; };
		B519A3161FECE4D300677A7B /* UIImage+MultiFormat.h */ = {isa = PBXFileReference; fileEncoding = 4; lastKnownFileType = sourcecode.c.h; path = "UIImage+MultiFormat.h"; sourceTree = "<group>"; };
		B519A3171FECE4D300677A7B /* UIImage+MultiFormat.m */ = {isa = PBXFileReference; fileEncoding = 4; lastKnownFileType = sourcecode.c.objc; path = "UIImage+MultiFormat.m"; sourceTree = "<group>"; };
		B519A3181FECE4D300677A7B /* UIImageView+HighlightedWebCache.h */ = {isa = PBXFileReference; fileEncoding = 4; lastKnownFileType = sourcecode.c.h; path = "UIImageView+HighlightedWebCache.h"; sourceTree = "<group>"; };
		B519A3191FECE4D300677A7B /* UIImageView+HighlightedWebCache.m */ = {isa = PBXFileReference; fileEncoding = 4; lastKnownFileType = sourcecode.c.objc; path = "UIImageView+HighlightedWebCache.m"; sourceTree = "<group>"; };
		B519A31A1FECE4D300677A7B /* UIImageView+WebCache.h */ = {isa = PBXFileReference; fileEncoding = 4; lastKnownFileType = sourcecode.c.h; path = "UIImageView+WebCache.h"; sourceTree = "<group>"; };
		B519A31B1FECE4D300677A7B /* UIImageView+WebCache.m */ = {isa = PBXFileReference; fileEncoding = 4; lastKnownFileType = sourcecode.c.objc; path = "UIImageView+WebCache.m"; sourceTree = "<group>"; };
		B519A31C1FECE4D300677A7B /* UIView+WebCache.h */ = {isa = PBXFileReference; fileEncoding = 4; lastKnownFileType = sourcecode.c.h; path = "UIView+WebCache.h"; sourceTree = "<group>"; };
		B519A31D1FECE4D300677A7B /* UIView+WebCache.m */ = {isa = PBXFileReference; fileEncoding = 4; lastKnownFileType = sourcecode.c.objc; path = "UIView+WebCache.m"; sourceTree = "<group>"; };
		B519A31E1FECE4D300677A7B /* UIView+WebCacheOperation.h */ = {isa = PBXFileReference; fileEncoding = 4; lastKnownFileType = sourcecode.c.h; path = "UIView+WebCacheOperation.h"; sourceTree = "<group>"; };
		B519A31F1FECE4D300677A7B /* UIView+WebCacheOperation.m */ = {isa = PBXFileReference; fileEncoding = 4; lastKnownFileType = sourcecode.c.objc; path = "UIView+WebCacheOperation.m"; sourceTree = "<group>"; };
		B519A3201FECE4D300677A7B /* SYKeychain.h */ = {isa = PBXFileReference; fileEncoding = 4; lastKnownFileType = sourcecode.c.h; path = SYKeychain.h; sourceTree = "<group>"; };
		B519A3211FECE4D300677A7B /* SYKeychain.m */ = {isa = PBXFileReference; fileEncoding = 4; lastKnownFileType = sourcecode.c.objc; path = SYKeychain.m; sourceTree = "<group>"; };
		B5A904111FE791AF0019C22E /* FFTabbarController.h */ = {isa = PBXFileReference; lastKnownFileType = sourcecode.c.h; path = FFTabbarController.h; sourceTree = "<group>"; };
		B5A904121FE791AF0019C22E /* FFTabbarController.m */ = {isa = PBXFileReference; lastKnownFileType = sourcecode.c.objc; path = FFTabbarController.m; sourceTree = "<group>"; };
		B5A904251FE792980019C22E /* FFHomeViewController.h */ = {isa = PBXFileReference; lastKnownFileType = sourcecode.c.h; path = FFHomeViewController.h; sourceTree = "<group>"; };
		B5A904261FE792980019C22E /* FFHomeViewController.m */ = {isa = PBXFileReference; lastKnownFileType = sourcecode.c.objc; path = FFHomeViewController.m; sourceTree = "<group>"; };
/* End PBXFileReference section */

/* Begin PBXFrameworksBuildPhase section */
		5EFB857B1FE76A65003C825B /* Frameworks */ = {
			isa = PBXFrameworksBuildPhase;
			buildActionMask = 2147483647;
			files = (
				B519A3291FECE4D300677A7B /* AVOSCloud.framework in Frameworks */,
			);
			runOnlyForDeploymentPostprocessing = 0;
		};
/* End PBXFrameworksBuildPhase section */

/* Begin PBXGroup section */
		5EFB85751FE76A65003C825B = {
			isa = PBXGroup;
			children = (
				5EFB85801FE76A65003C825B /* FFListenToFish */,
				5EFB857F1FE76A65003C825B /* Products */,
				B519A2B61FECE47A00677A7B /* Frameworks */,
			);
			sourceTree = "<group>";
		};
		5EFB857F1FE76A65003C825B /* Products */ = {
			isa = PBXGroup;
			children = (
				5EFB857E1FE76A65003C825B /* FFListenToFish.app */,
			);
			name = Products;
			sourceTree = "<group>";
		};
		5EFB85801FE76A65003C825B /* FFListenToFish */ = {
			isa = PBXGroup;
			children = (
				5EFB85811FE76A65003C825B /* AppDelegate.h */,
				5EFB85821FE76A65003C825B /* AppDelegate.m */,
				B519A2261FECE29D00677A7B /* FFCustomize */,
				B5A904101FE7916C0019C22E /* FFMainTabBarController */,
				B5A904141FE7927F0019C22E /* FFGeneralClass */,
				B519A2B91FECE4D300677A7B /* Other */,
				5EFB858F1FE76A65003C825B /* Info.plist */,
				5EFB858A1FE76A65003C825B /* Assets.xcassets */,
			);
			path = FFListenToFish;
			sourceTree = "<group>";
		};
		B519A2261FECE29D00677A7B /* FFCustomize */ = {
			isa = PBXGroup;
			children = (
				B519A2271FECE29D00677A7B /* ViewController */,
			);
			path = FFCustomize;
			sourceTree = "<group>";
		};
		B519A2271FECE29D00677A7B /* ViewController */ = {
			isa = PBXGroup;
			children = (
				B519A2281FECE2E600677A7B /* FFBaseViewController.h */,
				B519A2291FECE2E600677A7B /* FFBaseViewController.m */,
			);
			path = ViewController;
			sourceTree = "<group>";
		};
		B519A2B61FECE47A00677A7B /* Frameworks */ = {
			isa = PBXGroup;
			children = (
			);
			name = Frameworks;
			sourceTree = "<group>";
		};
		B519A2B91FECE4D300677A7B /* Other */ = {
			isa = PBXGroup;
			children = (
				B519A2BA1FECE4D300677A7B /* LaunchScreen.storyboard */,
				B519A2BC1FECE4D300677A7B /* FFBaseHeader.h */,
				B519A2BD1FECE4D300677A7B /* FFBasePch.pch */,
				B519A2BE1FECE4D300677A7B /* main.m */,
				B519A2BF1FECE4D300677A7B /* ThirdLibrary */,
			);
			path = Other;
			sourceTree = "<group>";
		};
		B519A2BF1FECE4D300677A7B /* ThirdLibrary */ = {
			isa = PBXGroup;
			children = (
				B519A2C01FECE4D300677A7B /* AFNetWorking */,
				B519A2CB1FECE4D300677A7B /* LeanCloud */,
				B519A2CD1FECE4D300677A7B /* MJRefresh */,
				B519A2FC1FECE4D300677A7B /* SDWebImage */,
				B519A3201FECE4D300677A7B /* SYKeychain.h */,
				B519A3211FECE4D300677A7B /* SYKeychain.m */,
			);
			path = ThirdLibrary;
			sourceTree = "<group>";
		};
		B519A2C01FECE4D300677A7B /* AFNetWorking */ = {
			isa = PBXGroup;
			children = (
				B519A2C11FECE4D300677A7B /* AFHTTPSessionManager.h */,
				B519A2C21FECE4D300677A7B /* AFHTTPSessionManager.m */,
				B519A2C31FECE4D300677A7B /* AFSecurityPolicy.h */,
				B519A2C41FECE4D300677A7B /* AFSecurityPolicy.m */,
				B519A2C51FECE4D300677A7B /* AFURLRequestSerialization.h */,
				B519A2C61FECE4D300677A7B /* AFURLRequestSerialization.m */,
				B519A2C71FECE4D300677A7B /* AFURLResponseSerialization.h */,
				B519A2C81FECE4D300677A7B /* AFURLResponseSerialization.m */,
				B519A2C91FECE4D300677A7B /* AFURLSessionManager.h */,
				B519A2CA1FECE4D300677A7B /* AFURLSessionManager.m */,
			);
			path = AFNetWorking;
			sourceTree = "<group>";
		};
		B519A2CB1FECE4D300677A7B /* LeanCloud */ = {
			isa = PBXGroup;
			children = (
				B519A2CC1FECE4D300677A7B /* AVOSCloud.framework */,
			);
			path = LeanCloud;
			sourceTree = "<group>";
		};
		B519A2CD1FECE4D300677A7B /* MJRefresh */ = {
			isa = PBXGroup;
			children = (
				B519A2CE1FECE4D300677A7B /* Base */,
				B519A2D91FECE4D300677A7B /* Custom */,
				B519A2F01FECE4D300677A7B /* MJRefresh.bundle */,
				B519A2F11FECE4D300677A7B /* MJRefresh.h */,
				B519A2F21FECE4D300677A7B /* MJRefreshConst.h */,
				B519A2F31FECE4D300677A7B /* MJRefreshConst.m */,
				B519A2F41FECE4D300677A7B /* NSBundle+MJRefresh.h */,
				B519A2F51FECE4D300677A7B /* NSBundle+MJRefresh.m */,
				B519A2F61FECE4D300677A7B /* UIScrollView+MJExtension.h */,
				B519A2F71FECE4D300677A7B /* UIScrollView+MJExtension.m */,
				B519A2F81FECE4D300677A7B /* UIScrollView+MJRefresh.h */,
				B519A2F91FECE4D300677A7B /* UIScrollView+MJRefresh.m */,
				B519A2FA1FECE4D300677A7B /* UIView+MJExtension.h */,
				B519A2FB1FECE4D300677A7B /* UIView+MJExtension.m */,
			);
			path = MJRefresh;
			sourceTree = "<group>";
		};
		B519A2CE1FECE4D300677A7B /* Base */ = {
			isa = PBXGroup;
			children = (
				B519A2CF1FECE4D300677A7B /* MJRefreshAutoFooter.h */,
				B519A2D01FECE4D300677A7B /* MJRefreshAutoFooter.m */,
				B519A2D11FECE4D300677A7B /* MJRefreshBackFooter.h */,
				B519A2D21FECE4D300677A7B /* MJRefreshBackFooter.m */,
				B519A2D31FECE4D300677A7B /* MJRefreshComponent.h */,
				B519A2D41FECE4D300677A7B /* MJRefreshComponent.m */,
				B519A2D51FECE4D300677A7B /* MJRefreshFooter.h */,
				B519A2D61FECE4D300677A7B /* MJRefreshFooter.m */,
				B519A2D71FECE4D300677A7B /* MJRefreshHeader.h */,
				B519A2D81FECE4D300677A7B /* MJRefreshHeader.m */,
			);
			path = Base;
			sourceTree = "<group>";
		};
		B519A2D91FECE4D300677A7B /* Custom */ = {
			isa = PBXGroup;
			children = (
				B519A2DA1FECE4D300677A7B /* Footer */,
				B519A2E91FECE4D300677A7B /* Header */,
			);
			path = Custom;
			sourceTree = "<group>";
		};
		B519A2DA1FECE4D300677A7B /* Footer */ = {
			isa = PBXGroup;
			children = (
				B519A2DB1FECE4D300677A7B /* Auto */,
				B519A2E21FECE4D300677A7B /* Back */,
			);
			path = Footer;
			sourceTree = "<group>";
		};
		B519A2DB1FECE4D300677A7B /* Auto */ = {
			isa = PBXGroup;
			children = (
				B519A2DC1FECE4D300677A7B /* MJRefreshAutoGifFooter.h */,
				B519A2DD1FECE4D300677A7B /* MJRefreshAutoGifFooter.m */,
				B519A2DE1FECE4D300677A7B /* MJRefreshAutoNormalFooter.h */,
				B519A2DF1FECE4D300677A7B /* MJRefreshAutoNormalFooter.m */,
				B519A2E01FECE4D300677A7B /* MJRefreshAutoStateFooter.h */,
				B519A2E11FECE4D300677A7B /* MJRefreshAutoStateFooter.m */,
			);
			path = Auto;
			sourceTree = "<group>";
		};
		B519A2E21FECE4D300677A7B /* Back */ = {
			isa = PBXGroup;
			children = (
				B519A2E31FECE4D300677A7B /* MJRefreshBackGifFooter.h */,
				B519A2E41FECE4D300677A7B /* MJRefreshBackGifFooter.m */,
				B519A2E51FECE4D300677A7B /* MJRefreshBackNormalFooter.h */,
				B519A2E61FECE4D300677A7B /* MJRefreshBackNormalFooter.m */,
				B519A2E71FECE4D300677A7B /* MJRefreshBackStateFooter.h */,
				B519A2E81FECE4D300677A7B /* MJRefreshBackStateFooter.m */,
			);
			path = Back;
			sourceTree = "<group>";
		};
		B519A2E91FECE4D300677A7B /* Header */ = {
			isa = PBXGroup;
			children = (
				B519A2EA1FECE4D300677A7B /* MJRefreshGifHeader.h */,
				B519A2EB1FECE4D300677A7B /* MJRefreshGifHeader.m */,
				B519A2EC1FECE4D300677A7B /* MJRefreshNormalHeader.h */,
				B519A2ED1FECE4D300677A7B /* MJRefreshNormalHeader.m */,
				B519A2EE1FECE4D300677A7B /* MJRefreshStateHeader.h */,
				B519A2EF1FECE4D300677A7B /* MJRefreshStateHeader.m */,
			);
			path = Header;
			sourceTree = "<group>";
		};
		B519A2FC1FECE4D300677A7B /* SDWebImage */ = {
			isa = PBXGroup;
			children = (
				B519A2FD1FECE4D300677A7B /* NSData+ImageContentType.h */,
				B519A2FE1FECE4D300677A7B /* NSData+ImageContentType.m */,
				B519A2FF1FECE4D300677A7B /* NSImage+WebCache.h */,
				B519A3001FECE4D300677A7B /* NSImage+WebCache.m */,
				B519A3011FECE4D300677A7B /* SDImageCache.h */,
				B519A3021FECE4D300677A7B /* SDImageCache.m */,
				B519A3031FECE4D300677A7B /* SDImageCacheConfig.h */,
				B519A3041FECE4D300677A7B /* SDImageCacheConfig.m */,
				B519A3051FECE4D300677A7B /* SDWebImageCompat.h */,
				B519A3061FECE4D300677A7B /* SDWebImageCompat.m */,
				B519A3071FECE4D300677A7B /* SDWebImageDecoder.h */,
				B519A3081FECE4D300677A7B /* SDWebImageDecoder.m */,
				B519A3091FECE4D300677A7B /* SDWebImageDownloader.h */,
				B519A30A1FECE4D300677A7B /* SDWebImageDownloader.m */,
				B519A30B1FECE4D300677A7B /* SDWebImageDownloaderOperation.h */,
				B519A30C1FECE4D300677A7B /* SDWebImageDownloaderOperation.m */,
				B519A30D1FECE4D300677A7B /* SDWebImageManager.h */,
				B519A30E1FECE4D300677A7B /* SDWebImageManager.m */,
				B519A30F1FECE4D300677A7B /* SDWebImageOperation.h */,
				B519A3101FECE4D300677A7B /* SDWebImagePrefetcher.h */,
				B519A3111FECE4D300677A7B /* SDWebImagePrefetcher.m */,
				B519A3121FECE4D300677A7B /* UIButton+WebCache.h */,
				B519A3131FECE4D300677A7B /* UIButton+WebCache.m */,
				B519A3141FECE4D300677A7B /* UIImage+GIF.h */,
				B519A3151FECE4D300677A7B /* UIImage+GIF.m */,
				B519A3161FECE4D300677A7B /* UIImage+MultiFormat.h */,
				B519A3171FECE4D300677A7B /* UIImage+MultiFormat.m */,
				B519A3181FECE4D300677A7B /* UIImageView+HighlightedWebCache.h */,
				B519A3191FECE4D300677A7B /* UIImageView+HighlightedWebCache.m */,
				B519A31A1FECE4D300677A7B /* UIImageView+WebCache.h */,
				B519A31B1FECE4D300677A7B /* UIImageView+WebCache.m */,
				B519A31C1FECE4D300677A7B /* UIView+WebCache.h */,
				B519A31D1FECE4D300677A7B /* UIView+WebCache.m */,
				B519A31E1FECE4D300677A7B /* UIView+WebCacheOperation.h */,
				B519A31F1FECE4D300677A7B /* UIView+WebCacheOperation.m */,
			);
			path = SDWebImage;
			sourceTree = "<group>";
		};
		B5A904101FE7916C0019C22E /* FFMainTabBarController */ = {
			isa = PBXGroup;
			children = (
				B5A904111FE791AF0019C22E /* FFTabbarController.h */,
				B5A904121FE791AF0019C22E /* FFTabbarController.m */,
			);
			path = FFMainTabBarController;
			sourceTree = "<group>";
		};
		B5A904141FE7927F0019C22E /* FFGeneralClass */ = {
			isa = PBXGroup;
			children = (
				B5A904191FE7927F0019C22E /* HomeClass */,
				B5A9041D1FE7927F0019C22E /* SecondClass */,
				B5A904211FE7927F0019C22E /* ThirdClass */,
				B5A904151FE7927F0019C22E /* MineClass */,
			);
			path = FFGeneralClass;
			sourceTree = "<group>";
		};
		B5A904151FE7927F0019C22E /* MineClass */ = {
			isa = PBXGroup;
			children = (
				B5A904161FE7927F0019C22E /* Controller */,
				B5A904171FE7927F0019C22E /* Model */,
			);
			path = MineClass;
			sourceTree = "<group>";
		};
		B5A904161FE7927F0019C22E /* Controller */ = {
			isa = PBXGroup;
			children = (
				B519A2231FECE20F00677A7B /* FFMineViewController.h */,
				B519A2241FECE20F00677A7B /* FFMineViewController.m */,
			);
			path = Controller;
			sourceTree = "<group>";
		};
		B5A904171FE7927F0019C22E /* Model */ = {
			isa = PBXGroup;
			children = (
			);
			path = Model;
			sourceTree = "<group>";
		};
		B5A904191FE7927F0019C22E /* HomeClass */ = {
			isa = PBXGroup;
			children = (
				B5A9041A1FE7927F0019C22E /* Controller */,
				B5A9041B1FE7927F0019C22E /* Model */,
				B5A9041C1FE7927F0019C22E /* View */,
			);
			path = HomeClass;
			sourceTree = "<group>";
		};
		B5A9041A1FE7927F0019C22E /* Controller */ = {
			isa = PBXGroup;
			children = (
				B5A904251FE792980019C22E /* FFHomeViewController.h */,
				B5A904261FE792980019C22E /* FFHomeViewController.m */,
			);
			path = Controller;
			sourceTree = "<group>";
		};
		B5A9041B1FE7927F0019C22E /* Model */ = {
			isa = PBXGroup;
			children = (
			);
			path = Model;
			sourceTree = "<group>";
		};
		B5A9041C1FE7927F0019C22E /* View */ = {
			isa = PBXGroup;
			children = (
			);
			path = View;
			sourceTree = "<group>";
		};
		B5A9041D1FE7927F0019C22E /* SecondClass */ = {
			isa = PBXGroup;
			children = (
				B5A9041E1FE7927F0019C22E /* Controller */,
				B5A9041F1FE7927F0019C22E /* Model */,
				B5A904201FE7927F0019C22E /* View */,
			);
			path = SecondClass;
			sourceTree = "<group>";
		};
		B5A9041E1FE7927F0019C22E /* Controller */ = {
			isa = PBXGroup;
			children = (
			);
			path = Controller;
			sourceTree = "<group>";
		};
		B5A9041F1FE7927F0019C22E /* Model */ = {
			isa = PBXGroup;
			children = (
			);
			path = Model;
			sourceTree = "<group>";
		};
		B5A904201FE7927F0019C22E /* View */ = {
			isa = PBXGroup;
			children = (
			);
			path = View;
			sourceTree = "<group>";
		};
		B5A904211FE7927F0019C22E /* ThirdClass */ = {
			isa = PBXGroup;
			children = (
				B5A904221FE7927F0019C22E /* Controller */,
				B5A904231FE7927F0019C22E /* Model */,
				B5A904241FE7927F0019C22E /* View */,
			);
			path = ThirdClass;
			sourceTree = "<group>";
		};
		B5A904221FE7927F0019C22E /* Controller */ = {
			isa = PBXGroup;
			children = (
			);
			path = Controller;
			sourceTree = "<group>";
		};
		B5A904231FE7927F0019C22E /* Model */ = {
			isa = PBXGroup;
			children = (
			);
			path = Model;
			sourceTree = "<group>";
		};
		B5A904241FE7927F0019C22E /* View */ = {
			isa = PBXGroup;
			children = (
			);
			path = View;
			sourceTree = "<group>";
		};
/* End PBXGroup section */

/* Begin PBXNativeTarget section */
		5EFB857D1FE76A65003C825B /* FFListenToFish */ = {
			isa = PBXNativeTarget;
			buildConfigurationList = 5EFB85941FE76A65003C825B /* Build configuration list for PBXNativeTarget "FFListenToFish" */;
			buildPhases = (
				5EFB857A1FE76A65003C825B /* Sources */,
				5EFB857B1FE76A65003C825B /* Frameworks */,
				5EFB857C1FE76A65003C825B /* Resources */,
			);
			buildRules = (
			);
			dependencies = (
			);
			name = FFListenToFish;
			productName = FFListenToFish;
			productReference = 5EFB857E1FE76A65003C825B /* FFListenToFish.app */;
			productType = "com.apple.product-type.application";
		};
/* End PBXNativeTarget section */

/* Begin PBXProject section */
		5EFB85761FE76A65003C825B /* Project object */ = {
			isa = PBXProject;
			attributes = {
				LastUpgradeCheck = 0910;
				ORGANIZATIONNAME = SingYi;
				TargetAttributes = {
					5EFB857D1FE76A65003C825B = {
						CreatedOnToolsVersion = 9.1;
						ProvisioningStyle = Automatic;
					};
				};
			};
			buildConfigurationList = 5EFB85791FE76A65003C825B /* Build configuration list for PBXProject "FFListenToFish" */;
			compatibilityVersion = "Xcode 8.0";
			developmentRegion = en;
			hasScannedForEncodings = 0;
			knownRegions = (
				en,
				Base,
			);
			mainGroup = 5EFB85751FE76A65003C825B;
			productRefGroup = 5EFB857F1FE76A65003C825B /* Products */;
			projectDirPath = "";
			projectRoot = "";
			targets = (
				5EFB857D1FE76A65003C825B /* FFListenToFish */,
			);
		};
/* End PBXProject section */

/* Begin PBXResourcesBuildPhase section */
		5EFB857C1FE76A65003C825B /* Resources */ = {
			isa = PBXResourcesBuildPhase;
			buildActionMask = 2147483647;
			files = (
				5EFB858B1FE76A65003C825B /* Assets.xcassets in Resources */,
				B519A3221FECE4D300677A7B /* LaunchScreen.storyboard in Resources */,
				B519A3381FECE4D300677A7B /* MJRefresh.bundle in Resources */,
			);
			runOnlyForDeploymentPostprocessing = 0;
		};
/* End PBXResourcesBuildPhase section */

/* Begin PBXSourcesBuildPhase section */
		5EFB857A1FE76A65003C825B /* Sources */ = {
			isa = PBXSourcesBuildPhase;
			buildActionMask = 2147483647;
			files = (
				B519A3391FECE4D300677A7B /* MJRefreshConst.m in Sources */,
				B519A3471FECE4D300677A7B /* SDWebImagePrefetcher.m in Sources */,
				B519A34E1FECE4D300677A7B /* UIView+WebCacheOperation.m in Sources */,
				B519A33D1FECE4D300677A7B /* UIView+MJExtension.m in Sources */,
				B519A3261FECE4D300677A7B /* AFURLRequestSerialization.m in Sources */,
				B519A32F1FECE4D300677A7B /* MJRefreshAutoGifFooter.m in Sources */,
				B519A32B1FECE4D300677A7B /* MJRefreshBackFooter.m in Sources */,
				B519A34B1FECE4D300677A7B /* UIImageView+HighlightedWebCache.m in Sources */,
				B519A3411FECE4D300677A7B /* SDImageCacheConfig.m in Sources */,
				B519A34A1FECE4D300677A7B /* UIImage+MultiFormat.m in Sources */,
				B519A3351FECE4D300677A7B /* MJRefreshGifHeader.m in Sources */,
				B519A34D1FECE4D300677A7B /* UIView+WebCache.m in Sources */,
				B519A3321FECE4D300677A7B /* MJRefreshBackGifFooter.m in Sources */,
				B519A3401FECE4D300677A7B /* SDImageCache.m in Sources */,
				B519A3371FECE4D300677A7B /* MJRefreshStateHeader.m in Sources */,
				5EFB85831FE76A65003C825B /* AppDelegate.m in Sources */,
				B519A3491FECE4D300677A7B /* UIImage+GIF.m in Sources */,
				B519A2251FECE20F00677A7B /* FFMineViewController.m in Sources */,
				B519A3441FECE4D300677A7B /* SDWebImageDownloader.m in Sources */,
				B519A3421FECE4D300677A7B /* SDWebImageCompat.m in Sources */,
				B519A3301FECE4D300677A7B /* MJRefreshAutoNormalFooter.m in Sources */,
				B519A33A1FECE4D300677A7B /* NSBundle+MJRefresh.m in Sources */,
				B519A32C1FECE4D300677A7B /* MJRefreshComponent.m in Sources */,
				B519A3431FECE4D300677A7B /* SDWebImageDecoder.m in Sources */,
				B519A3461FECE4D300677A7B /* SDWebImageManager.m in Sources */,
				B5A904131FE791AF0019C22E /* FFTabbarController.m in Sources */,
				B519A33F1FECE4D300677A7B /* NSImage+WebCache.m in Sources */,
				B519A3281FECE4D300677A7B /* AFURLSessionManager.m in Sources */,
				B519A3271FECE4D300677A7B /* AFURLResponseSerialization.m in Sources */,
				B519A3451FECE4D300677A7B /* SDWebImageDownloaderOperation.m in Sources */,
				B5A904271FE792980019C22E /* FFHomeViewController.m in Sources */,
				B519A33B1FECE4D300677A7B /* UIScrollView+MJExtension.m in Sources */,
				B519A3341FECE4D300677A7B /* MJRefreshBackStateFooter.m in Sources */,
				B519A3251FECE4D300677A7B /* AFSecurityPolicy.m in Sources */,
				B519A34C1FECE4D300677A7B /* UIImageView+WebCache.m in Sources */,
				B519A3231FECE4D300677A7B /* main.m in Sources */,
				B519A32E1FECE4D300677A7B /* MJRefreshHeader.m in Sources */,
				B519A33C1FECE4D300677A7B /* UIScrollView+MJRefresh.m in Sources */,
				B519A3481FECE4D300677A7B /* UIButton+WebCache.m in Sources */,
				B519A3331FECE4D300677A7B /* MJRefreshBackNormalFooter.m in Sources */,
				B519A3361FECE4D300677A7B /* MJRefreshNormalHeader.m in Sources */,
				B519A3241FECE4D300677A7B /* AFHTTPSessionManager.m in Sources */,
				B519A3311FECE4D300677A7B /* MJRefreshAutoStateFooter.m in Sources */,
				B519A32A1FECE4D300677A7B /* MJRefreshAutoFooter.m in Sources */,
				B519A33E1FECE4D300677A7B /* NSData+ImageContentType.m in Sources */,
				B519A22A1FECE2E600677A7B /* FFBaseViewController.m in Sources */,
				B519A32D1FECE4D300677A7B /* MJRefreshFooter.m in Sources */,
				B519A34F1FECE4D300677A7B /* SYKeychain.m in Sources */,
			);
			runOnlyForDeploymentPostprocessing = 0;
		};
/* End PBXSourcesBuildPhase section */

/* Begin PBXVariantGroup section */
		B519A2BA1FECE4D300677A7B /* LaunchScreen.storyboard */ = {
			isa = PBXVariantGroup;
			children = (
				B519A2BB1FECE4D300677A7B /* Base */,
			);
			name = LaunchScreen.storyboard;
			sourceTree = "<group>";
		};
/* End PBXVariantGroup section */

/* Begin XCBuildConfiguration section */
		5EFB85921FE76A65003C825B /* Debug */ = {
			isa = XCBuildConfiguration;
			buildSettings = {
				ALWAYS_SEARCH_USER_PATHS = NO;
				CLANG_ANALYZER_NONNULL = YES;
				CLANG_ANALYZER_NUMBER_OBJECT_CONVERSION = YES_AGGRESSIVE;
				CLANG_CXX_LANGUAGE_STANDARD = "gnu++14";
				CLANG_CXX_LIBRARY = "libc++";
				CLANG_ENABLE_MODULES = YES;
				CLANG_ENABLE_OBJC_ARC = YES;
				CLANG_WARN_BLOCK_CAPTURE_AUTORELEASING = YES;
				CLANG_WARN_BOOL_CONVERSION = YES;
				CLANG_WARN_COMMA = YES;
				CLANG_WARN_CONSTANT_CONVERSION = YES;
				CLANG_WARN_DIRECT_OBJC_ISA_USAGE = YES_ERROR;
				CLANG_WARN_DOCUMENTATION_COMMENTS = YES;
				CLANG_WARN_EMPTY_BODY = YES;
				CLANG_WARN_ENUM_CONVERSION = YES;
				CLANG_WARN_INFINITE_RECURSION = YES;
				CLANG_WARN_INT_CONVERSION = YES;
				CLANG_WARN_NON_LITERAL_NULL_CONVERSION = YES;
				CLANG_WARN_OBJC_LITERAL_CONVERSION = YES;
				CLANG_WARN_OBJC_ROOT_CLASS = YES_ERROR;
				CLANG_WARN_RANGE_LOOP_ANALYSIS = YES;
				CLANG_WARN_STRICT_PROTOTYPES = YES;
				CLANG_WARN_SUSPICIOUS_MOVE = YES;
				CLANG_WARN_UNGUARDED_AVAILABILITY = YES_AGGRESSIVE;
				CLANG_WARN_UNREACHABLE_CODE = YES;
				CLANG_WARN__DUPLICATE_METHOD_MATCH = YES;
				CODE_SIGN_IDENTITY = "iPhone Developer";
				COPY_PHASE_STRIP = NO;
				DEBUG_INFORMATION_FORMAT = dwarf;
				ENABLE_STRICT_OBJC_MSGSEND = YES;
				ENABLE_TESTABILITY = YES;
				GCC_C_LANGUAGE_STANDARD = gnu11;
				GCC_DYNAMIC_NO_PIC = NO;
				GCC_NO_COMMON_BLOCKS = YES;
				GCC_OPTIMIZATION_LEVEL = 0;
				GCC_PREPROCESSOR_DEFINITIONS = (
					"DEBUG=1",
					"$(inherited)",
				);
				GCC_WARN_64_TO_32_BIT_CONVERSION = YES;
				GCC_WARN_ABOUT_RETURN_TYPE = YES_ERROR;
				GCC_WARN_UNDECLARED_SELECTOR = YES;
				GCC_WARN_UNINITIALIZED_AUTOS = YES_AGGRESSIVE;
				GCC_WARN_UNUSED_FUNCTION = YES;
				GCC_WARN_UNUSED_VARIABLE = YES;
				IPHONEOS_DEPLOYMENT_TARGET = 11.1;
				MTL_ENABLE_DEBUG_INFO = YES;
				ONLY_ACTIVE_ARCH = YES;
				SDKROOT = iphoneos;
			};
			name = Debug;
		};
		5EFB85931FE76A65003C825B /* Release */ = {
			isa = XCBuildConfiguration;
			buildSettings = {
				ALWAYS_SEARCH_USER_PATHS = NO;
				CLANG_ANALYZER_NONNULL = YES;
				CLANG_ANALYZER_NUMBER_OBJECT_CONVERSION = YES_AGGRESSIVE;
				CLANG_CXX_LANGUAGE_STANDARD = "gnu++14";
				CLANG_CXX_LIBRARY = "libc++";
				CLANG_ENABLE_MODULES = YES;
				CLANG_ENABLE_OBJC_ARC = YES;
				CLANG_WARN_BLOCK_CAPTURE_AUTORELEASING = YES;
				CLANG_WARN_BOOL_CONVERSION = YES;
				CLANG_WARN_COMMA = YES;
				CLANG_WARN_CONSTANT_CONVERSION = YES;
				CLANG_WARN_DIRECT_OBJC_ISA_USAGE = YES_ERROR;
				CLANG_WARN_DOCUMENTATION_COMMENTS = YES;
				CLANG_WARN_EMPTY_BODY = YES;
				CLANG_WARN_ENUM_CONVERSION = YES;
				CLANG_WARN_INFINITE_RECURSION = YES;
				CLANG_WARN_INT_CONVERSION = YES;
				CLANG_WARN_NON_LITERAL_NULL_CONVERSION = YES;
				CLANG_WARN_OBJC_LITERAL_CONVERSION = YES;
				CLANG_WARN_OBJC_ROOT_CLASS = YES_ERROR;
				CLANG_WARN_RANGE_LOOP_ANALYSIS = YES;
				CLANG_WARN_STRICT_PROTOTYPES = YES;
				CLANG_WARN_SUSPICIOUS_MOVE = YES;
				CLANG_WARN_UNGUARDED_AVAILABILITY = YES_AGGRESSIVE;
				CLANG_WARN_UNREACHABLE_CODE = YES;
				CLANG_WARN__DUPLICATE_METHOD_MATCH = YES;
				CODE_SIGN_IDENTITY = "iPhone Developer";
				COPY_PHASE_STRIP = NO;
				DEBUG_INFORMATION_FORMAT = "dwarf-with-dsym";
				ENABLE_NS_ASSERTIONS = NO;
				ENABLE_STRICT_OBJC_MSGSEND = YES;
				GCC_C_LANGUAGE_STANDARD = gnu11;
				GCC_NO_COMMON_BLOCKS = YES;
				GCC_WARN_64_TO_32_BIT_CONVERSION = YES;
				GCC_WARN_ABOUT_RETURN_TYPE = YES_ERROR;
				GCC_WARN_UNDECLARED_SELECTOR = YES;
				GCC_WARN_UNINITIALIZED_AUTOS = YES_AGGRESSIVE;
				GCC_WARN_UNUSED_FUNCTION = YES;
				GCC_WARN_UNUSED_VARIABLE = YES;
				IPHONEOS_DEPLOYMENT_TARGET = 11.1;
				MTL_ENABLE_DEBUG_INFO = NO;
				SDKROOT = iphoneos;
				VALIDATE_PRODUCT = YES;
			};
			name = Release;
		};
		5EFB85951FE76A65003C825B /* Debug */ = {
			isa = XCBuildConfiguration;
			buildSettings = {
				ASSETCATALOG_COMPILER_APPICON_NAME = AppIcon;
				CODE_SIGN_STYLE = Automatic;
				DEVELOPMENT_TEAM = JR27SLBFXN;
				ENABLE_BITCODE = YES;
				FRAMEWORK_SEARCH_PATHS = (
					"$(inherited)",
					"$(PROJECT_DIR)/FFListenToFish/Other/ThirdLibrary/LeanCloud",
				);
				GCC_PREFIX_HEADER = "$(SRCROOT)/FFListenToFish/Other/FFBasePch.pch";
				INFOPLIST_FILE = FFListenToFish/Info.plist;
				IPHONEOS_DEPLOYMENT_TARGET = 9.0;
				LD_RUNPATH_SEARCH_PATHS = "$(inherited) @executable_path/Frameworks";
				PRODUCT_BUNDLE_IDENTIFIER = Sing.player.interesting1;
				PRODUCT_NAME = "$(TARGET_NAME)";
				TARGETED_DEVICE_FAMILY = 1;
			};
			name = Debug;
		};
		5EFB85961FE76A65003C825B /* Release */ = {
			isa = XCBuildConfiguration;
			buildSettings = {
				ASSETCATALOG_COMPILER_APPICON_NAME = AppIcon;
				CODE_SIGN_STYLE = Automatic;
				DEVELOPMENT_TEAM = JR27SLBFXN;
				ENABLE_BITCODE = YES;
				FRAMEWORK_SEARCH_PATHS = (
					"$(inherited)",
					"$(PROJECT_DIR)/FFListenToFish/Other/ThirdLibrary/LeanCloud",
				);
				GCC_PREFIX_HEADER = "$(SRCROOT)/FFListenToFish/Other/FFBasePch.pch";
				INFOPLIST_FILE = FFListenToFish/Info.plist;
				IPHONEOS_DEPLOYMENT_TARGET = 9.0;
				LD_RUNPATH_SEARCH_PATHS = "$(inherited) @executable_path/Frameworks";
				PRODUCT_BUNDLE_IDENTIFIER = Sing.player.interesting1;
				PRODUCT_NAME = "$(TARGET_NAME)";
				TARGETED_DEVICE_FAMILY = 1;
			};
			name = Release;
		};
/* End XCBuildConfiguration section */

/* Begin XCConfigurationList section */
		5EFB85791FE76A65003C825B /* Build configuration list for PBXProject "FFListenToFish" */ = {
			isa = XCConfigurationList;
			buildConfigurations = (
				5EFB85921FE76A65003C825B /* Debug */,
				5EFB85931FE76A65003C825B /* Release */,
			);
			defaultConfigurationIsVisible = 0;
			defaultConfigurationName = Release;
		};
		5EFB85941FE76A65003C825B /* Build configuration list for PBXNativeTarget "FFListenToFish" */ = {
			isa = XCConfigurationList;
			buildConfigurations = (
				5EFB85951FE76A65003C825B /* Debug */,
				5EFB85961FE76A65003C825B /* Release */,
			);
			defaultConfigurationIsVisible = 0;
			defaultConfigurationName = Release;
		};
/* End XCConfigurationList section */
	};
	rootObject = 5EFB85761FE76A65003C825B /* Project object */;
}
